
Microsoft Visual Studio Solution File, Format Version 12.00
# Visual Studio 2013
VisualStudioVersion = 12.0.31101.0
MinimumVisualStudioVersion = 10.0.40219.1
Project("{FAE04EC0-301F-11D3-BF4B-00C04F79EFBC}") = "Gmtl.HandyLib", "Gmtl.HandyLib\Gmtl.HandyLib.csproj", "{DD6E1BB3-EA42-4F79-BAE2-6A282C5AD9F2}"
EndProject
Project("{FAE04EC0-301F-11D3-BF4B-00C04F79EFBC}") = "Gmtl.HandyLib.Tests", "Gmtl.HandyLib.Tests\Gmtl.HandyLib.Tests.csproj", "{8FBEA2E8-4C19-4C5A-B5D5-B2E5D6E7E357}"
EndProject
Global
	GlobalSection(SolutionConfigurationPlatforms) = preSolution
		Debug|Any CPU = Debug|Any CPU
		Release|Any CPU = Release|Any CPU
	EndGlobalSection
	GlobalSection(ProjectConfigurationPlatforms) = postSolution
		{DD6E1BB3-EA42-4F79-BAE2-6A282C5AD9F2}.Debug|Any CPU.ActiveCfg = Debug|Any CPU
		{DD6E1BB3-EA42-4F79-BAE2-6A282C5AD9F2}.Debug|Any CPU.Build.0 = Debug|Any CPU
		{DD6E1BB3-EA42-4F79-BAE2-6A282C5AD9F2}.Release|Any CPU.ActiveCfg = Release|Any CPU
		{DD6E1BB3-EA42-4F79-BAE2-6A282C5AD9F2}.Release|Any CPU.Build.0 = Release|Any CPU
		{8FBEA2E8-4C19-4C5A-B5D5-B2E5D6E7E357}.Debug|Any CPU.ActiveCfg = Debug|Any CPU
		{8FBEA2E8-4C19-4C5A-B5D5-B2E5D6E7E357}.Debug|Any CPU.Build.0 = Debug|Any CPU
		{8FBEA2E8-4C19-4C5A-B5D5-B2E5D6E7E357}.Release|Any CPU.ActiveCfg = Release|Any CPU
	EndGlobalSection
	GlobalSection(SolutionProperties) = preSolution
		HideSolutionNode = FALSE
	EndGlobalSection
EndGlobal
